Microsoft Visual Studio Solution File, Format Version 12.00
# Visual Studio Version 18
VisualStudioVersion = 18.6.11709.129
MinimumVisualStudioVersion = 10.0.40219.1
Project("{9A19103F-16F7-4668-BE54-9A1E7A4F7556}") = "CodeQuality", "src\CodeQuality\CodeQuality.csproj", "{465044D2-6763-4CCF-87DF-38FE900EC523}"
EndProject
Project("{9A19103F-16F7-4668-BE54-9A1E7A4F7556}") = "CodeQuality.UnitTests", "tests\CodeQuality.UnitTests\CodeQuality.UnitTests.csproj", "{3B3D0408-E5AB-414D-AED0-A69E886398F3}"
EndProject
Project("{2150E333-8FDC-42A3-9474-1A3956D46DE8}") = "Solution Folder", "Solution Folder", "{4F61F403-4674-487B-ABF4-EE50B96981C1}"
	ProjectSection(SolutionItems) = preProject
		.editorconfig = .editorconfig
		.gitattributes = .gitattributes
		.gitignore = .gitignore
		.github\workflows\ci.yml = .github\workflows\ci.yml
		.github\workflows\dependency-review.yml = .github\workflows\dependency-review.yml
		.github\workflows\publish-nuget.yml = .github\workflows\publish-nuget.yml
		Directory.Packages.props = Directory.Packages.props
		global.json = global.json
		LICENSE = LICENSE
		README.md = README.md
	EndProjectSection
EndProject
Project("{2150E333-8FDC-42A3-9474-1A3956D46DE8}") = "src", "src", "{DC4337D4-7797-44F7-AD1F-4A640A4E49D9}"
EndProject
Project("{2150E333-8FDC-42A3-9474-1A3956D46DE8}") = "tests", "tests", "{D196C703-6673-4DC9-84E9-BB492024AAD2}"
EndProject
Project("{2150E333-8FDC-42A3-9474-1A3956D46DE8}") = "samples", "samples", "{2C5AB38F-8197-4B93-AC0A-2182F5FAC5D3}"
EndProject
Project("{9A19103F-16F7-4668-BE54-9A1E7A4F7556}") = "CodeQuality.Samples.Console", "samples\CodeQuality.Samples.Console\CodeQuality.Samples.Console.csproj", "{5ACC282B-78C4-45A4-A131-5038265194A5}"
EndProject
Project("{2150E333-8FDC-42A3-9474-1A3956D46DE8}") = "benchmarks", "benchmarks", "{4F208057-661E-4B8F-AD0C-9F56F92C6B00}"
EndProject
Project("{9A19103F-16F7-4668-BE54-9A1E7A4F7556}") = "CodeQuality.Benchmarks", "benchmarks\CodeQuality.Benchmarks\CodeQuality.Benchmarks.csproj", "{BA4F4769-60B6-4005-A813-CAF2C02C63AD}"
EndProject
Global
	GlobalSection(SolutionConfigurationPlatforms) = preSolution
		Debug|Any CPU = Debug|Any CPU
		Release|Any CPU = Release|Any CPU
	EndGlobalSection
	GlobalSection(ProjectConfigurationPlatforms) = postSolution
		{465044D2-6763-4CCF-87DF-38FE900EC523}.Debug|Any CPU.ActiveCfg = Debug|Any CPU
		{465044D2-6763-4CCF-87DF-38FE900EC523}.Debug|Any CPU.Build.0 = Debug|Any CPU
		{465044D2-6763-4CCF-87DF-38FE900EC523}.Release|Any CPU.ActiveCfg = Release|Any CPU
		{465044D2-6763-4CCF-87DF-38FE900EC523}.Release|Any CPU.Build.0 = Release|Any CPU
		{3B3D0408-E5AB-414D-AED0-A69E886398F3}.Debug|Any CPU.ActiveCfg = Debug|Any CPU
		{3B3D0408-E5AB-414D-AED0-A69E886398F3}.Debug|Any CPU.Build.0 = Debug|Any CPU
		{3B3D0408-E5AB-414D-AED0-A69E886398F3}.Release|Any CPU.ActiveCfg = Release|Any CPU
		{3B3D0408-E5AB-414D-AED0-A69E886398F3}.Release|Any CPU.Build.0 = Release|Any CPU
		{5ACC282B-78C4-45A4-A131-5038265194A5}.Debug|Any CPU.ActiveCfg = Debug|Any CPU
		{5ACC282B-78C4-45A4-A131-5038265194A5}.Debug|Any CPU.Build.0 = Debug|Any CPU
		{5ACC282B-78C4-45A4-A131-5038265194A5}.Release|Any CPU.ActiveCfg = Release|Any CPU
		{5ACC282B-78C4-45A4-A131-5038265194A5}.Release|Any CPU.Build.0 = Release|Any CPU
		{BA4F4769-60B6-4005-A813-CAF2C02C63AD}.Debug|Any CPU.ActiveCfg = Debug|Any CPU
		{BA4F4769-60B6-4005-A813-CAF2C02C63AD}.Debug|Any CPU.Build.0 = Debug|Any CPU
		{BA4F4769-60B6-4005-A813-CAF2C02C63AD}.Release|Any CPU.ActiveCfg = Release|Any CPU
		{BA4F4769-60B6-4005-A813-CAF2C02C63AD}.Release|Any CPU.Build.0 = Release|Any CPU
	EndGlobalSection
	GlobalSection(SolutionProperties) = preSolution
		HideSolutionNode = FALSE
	EndGlobalSection
	GlobalSection(NestedProjects) = preSolution
		{465044D2-6763-4CCF-87DF-38FE900EC523} = {DC4337D4-7797-44F7-AD1F-4A640A4E49D9}
		{3B3D0408-E5AB-414D-AED0-A69E886398F3} = {D196C703-6673-4DC9-84E9-BB492024AAD2}
		{5ACC282B-78C4-45A4-A131-5038265194A5} = {2C5AB38F-8197-4B93-AC0A-2182F5FAC5D3}
		{BA4F4769-60B6-4005-A813-CAF2C02C63AD} = {4F208057-661E-4B8F-AD0C-9F56F92C6B00}
	EndGlobalSection
	GlobalSection(ExtensibilityGlobals) = postSolution
		SolutionGuid = {EC7DA58B-2161-411C-8539-60CAA3401671}
	EndGlobalSection
EndGlobal
